
Microsoft Visual Studio Solution File, Format Version 12.00
# Visual Studio Version 17
VisualStudioVersion = 17.0.31903.59
MinimumVisualStudioVersion = 10.0.40219.1
Project("{2150E333-8FDC-42A3-9474-1A3956D46DE8}") = "src", "src", "{827E0CD3-B72D-47B6-A68D-7590B98EB39B}"
EndProject
Project("{FAE04EC0-301F-11D3-BF4B-00C04F79EFBC}") = "RediKit", "src\RediKit\RediKit.csproj", "{E8565AE3-5541-45E1-A869-AB3D78270537}"
EndProject
Project("{2150E333-8FDC-42A3-9474-1A3956D46DE8}") = "tests", "tests", "{02EA681E-C7D8-13C7-8484-4AC65E1B71E8}"
EndProject
Project("{FAE04EC0-301F-11D3-BF4B-00C04F79EFBC}") = "RediKit.UnitTests", "tests\RediKit\RediKit.UnitTests\RediKit.UnitTests.csproj", "{2406C1A0-820B-4C5C-A738-09E2F9377887}"
EndProject
Global
	GlobalSection(SolutionConfigurationPlatforms) = preSolution
		Debug|Any CPU = Debug|Any CPU
		Debug|x64 = Debug|x64
		Debug|x86 = Debug|x86
		Release|Any CPU = Release|Any CPU
		Release|x64 = Release|x64
		Release|x86 = Release|x86
	EndGlobalSection
	GlobalSection(ProjectConfigurationPlatforms) = postSolution
		{E8565AE3-5541-45E1-A869-AB3D78270537}.Debug|Any CPU.ActiveCfg = Debug|Any CPU
		{E8565AE3-5541-45E1-A869-AB3D78270537}.Debug|Any CPU.Build.0 = Debug|Any CPU
		{E8565AE3-5541-45E1-A869-AB3D78270537}.Debug|x64.ActiveCfg = Debug|Any CPU
		{E8565AE3-5541-45E1-A869-AB3D78270537}.Debug|x64.Build.0 = Debug|Any CPU
		{E8565AE3-5541-45E1-A869-AB3D78270537}.Debug|x86.ActiveCfg = Debug|Any CPU
		{E8565AE3-5541-45E1-A869-AB3D78270537}.Debug|x86.Build.0 = Debug|Any CPU
		{E8565AE3-5541-45E1-A869-AB3D78270537}.Release|Any CPU.ActiveCfg = Release|Any CPU
		{E8565AE3-5541-45E1-A869-AB3D78270537}.Release|Any CPU.Build.0 = Release|Any CPU
		{E8565AE3-5541-45E1-A869-AB3D78270537}.Release|x64.ActiveCfg = Release|Any CPU
		{E8565AE3-5541-45E1-A869-AB3D78270537}.Release|x64.Build.0 = Release|Any CPU
		{E8565AE3-5541-45E1-A869-AB3D78270537}.Release|x86.ActiveCfg = Release|Any CPU
		{E8565AE3-5541-45E1-A869-AB3D78270537}.Release|x86.Build.0 = Release|Any CPU
		{2406C1A0-820B-4C5C-A738-09E2F9377887}.Debug|Any CPU.ActiveCfg = Debug|Any CPU
		{2406C1A0-820B-4C5C-A738-09E2F9377887}.Debug|Any CPU.Build.0 = Debug|Any CPU
		{2406C1A0-820B-4C5C-A738-09E2F9377887}.Debug|x64.ActiveCfg = Debug|Any CPU
		{2406C1A0-820B-4C5C-A738-09E2F9377887}.Debug|x64.Build.0 = Debug|Any CPU
		{2406C1A0-820B-4C5C-A738-09E2F9377887}.Debug|x86.ActiveCfg = Debug|Any CPU
		{2406C1A0-820B-4C5C-A738-09E2F9377887}.Debug|x86.Build.0 = Debug|Any CPU
		{2406C1A0-820B-4C5C-A738-09E2F9377887}.Release|Any CPU.ActiveCfg = Release|Any CPU
		{2406C1A0-820B-4C5C-A738-09E2F9377887}.Release|Any CPU.Build.0 = Release|Any CPU
		{2406C1A0-820B-4C5C-A738-09E2F9377887}.Release|x64.ActiveCfg = Release|Any CPU
		{2406C1A0-820B-4C5C-A738-09E2F9377887}.Release|x64.Build.0 = Release|Any CPU
		{2406C1A0-820B-4C5C-A738-09E2F9377887}.Release|x86.ActiveCfg = Release|Any CPU
		{2406C1A0-820B-4C5C-A738-09E2F9377887}.Release|x86.Build.0 = Release|Any CPU
	EndGlobalSection
	GlobalSection(SolutionProperties) = preSolution
		HideSolutionNode = FALSE
	EndGlobalSection
	GlobalSection(NestedProjects) = preSolution
		{E8565AE3-5541-45E1-A869-AB3D78270537} = {827E0CD3-B72D-47B6-A68D-7590B98EB39B}
		{2406C1A0-820B-4C5C-A738-09E2F9377887} = {02EA681E-C7D8-13C7-8484-4AC65E1B71E8}
	EndGlobalSection
	GlobalSection(ExtensibilityGlobals) = postSolution
		SolutionGuid = {B09816BD-9F45-4E8B-84BB-2AAD81FFE600}
	EndGlobalSection
EndGlobal
